
Microsoft Visual Studio Solution File, Format Version 12.00
# Visual Studio 14
VisualStudioVersion = 14.0.25420.1
MinimumVisualStudioVersion = 10.0.40219.1
Project("{FAE04EC0-301F-11D3-BF4B-00C04F79EFBC}") = "Dolkens.Framework", "Dolkens.Framework\Dolkens.Framework.csproj", "{CCB2D9C2-66F4-4D7A-BBE9-A81E0A37DDE0}"
EndProject
Project("{2150E333-8FDC-42A3-9474-1A3956D46DE8}") = ".nuget", ".nuget", "{C8738356-57C0-4C64-A6BC-39F01FD5F698}"
	ProjectSection(SolutionItems) = preProject
		.nuget\NuGet.Config = .nuget\NuGet.Config
		.nuget\NuGet.exe = .nuget\NuGet.exe
		.nuget\NuGet.targets = .nuget\NuGet.targets
	EndProjectSection
EndProject
Project("{FAE04EC0-301F-11D3-BF4B-00C04F79EFBC}") = "Dolkens.Framework.Caching", "Dolkens.Framework.Caching\Dolkens.Framework.Caching.csproj", "{D64BF73D-2673-41A1-9A4E-A462DAE4D2D1}"
EndProject
Project("{FAE04EC0-301F-11D3-BF4B-00C04F79EFBC}") = "Dolkens.Framework.Caching.Memory", "Dolkens.Framework.Caching.Memory\Dolkens.Framework.Caching.Memory.csproj", "{30F438FF-18CD-47A0-81C0-D27FF9A2101B}"
EndProject
Project("{FAE04EC0-301F-11D3-BF4B-00C04F79EFBC}") = "Dolkens.Framework.MVC", "Dolkens.Framework.MVC\Dolkens.Framework.MVC.csproj", "{9F75F9AA-9901-4200-A166-7FE96906571F}"
EndProject
Project("{FAE04EC0-301F-11D3-BF4B-00C04F79EFBC}") = "Dolkens.Framework.UnitTests", "Dolkens.Framework.UnitTests\Dolkens.Framework.UnitTests.csproj", "{C377ACA4-7468-4484-B609-F0A596B5A0D2}"
EndProject
Project("{FAE04EC0-301F-11D3-BF4B-00C04F79EFBC}") = "Fluent.Transfer", "Fluent.FileTransfer\Fluent.Transfer.csproj", "{3906CF7B-2D02-4AA7-A682-7E3316267B1B}"
EndProject
Project("{FAE04EC0-301F-11D3-BF4B-00C04F79EFBC}") = "Sandbox", "Sandbox\Sandbox.csproj", "{92C64F97-616B-4106-B290-479A57FC59D7}"
EndProject
Global
	GlobalSection(SolutionConfigurationPlatforms) = preSolution
		Debug|Any CPU = Debug|Any CPU
		Release|Any CPU = Release|Any CPU
	EndGlobalSection
	GlobalSection(ProjectConfigurationPlatforms) = postSolution
		{CCB2D9C2-66F4-4D7A-BBE9-A81E0A37DDE0}.Debug|Any CPU.ActiveCfg = Debug|Any CPU
		{CCB2D9C2-66F4-4D7A-BBE9-A81E0A37DDE0}.Debug|Any CPU.Build.0 = Debug|Any CPU
		{CCB2D9C2-66F4-4D7A-BBE9-A81E0A37DDE0}.Release|Any CPU.ActiveCfg = Release|Any CPU
		{CCB2D9C2-66F4-4D7A-BBE9-A81E0A37DDE0}.Release|Any CPU.Build.0 = Release|Any CPU
		{D64BF73D-2673-41A1-9A4E-A462DAE4D2D1}.Debug|Any CPU.ActiveCfg = Debug|Any CPU
		{D64BF73D-2673-41A1-9A4E-A462DAE4D2D1}.Debug|Any CPU.Build.0 = Debug|Any CPU
		{D64BF73D-2673-41A1-9A4E-A462DAE4D2D1}.Release|Any CPU.ActiveCfg = Release|Any CPU
		{D64BF73D-2673-41A1-9A4E-A462DAE4D2D1}.Release|Any CPU.Build.0 = Release|Any CPU
		{30F438FF-18CD-47A0-81C0-D27FF9A2101B}.Debug|Any CPU.ActiveCfg = Debug|Any CPU
		{30F438FF-18CD-47A0-81C0-D27FF9A2101B}.Debug|Any CPU.Build.0 = Debug|Any CPU
		{30F438FF-18CD-47A0-81C0-D27FF9A2101B}.Release|Any CPU.ActiveCfg = Release|Any CPU
		{30F438FF-18CD-47A0-81C0-D27FF9A2101B}.Release|Any CPU.Build.0 = Release|Any CPU
		{9F75F9AA-9901-4200-A166-7FE96906571F}.Debug|Any CPU.ActiveCfg = Debug|Any CPU
		{9F75F9AA-9901-4200-A166-7FE96906571F}.Debug|Any CPU.Build.0 = Debug|Any CPU
		{9F75F9AA-9901-4200-A166-7FE96906571F}.Release|Any CPU.ActiveCfg = Release|Any CPU
		{9F75F9AA-9901-4200-A166-7FE96906571F}.Release|Any CPU.Build.0 = Release|Any CPU
		{C377ACA4-7468-4484-B609-F0A596B5A0D2}.Debug|Any CPU.ActiveCfg = Debug|Any CPU
		{C377ACA4-7468-4484-B609-F0A596B5A0D2}.Debug|Any CPU.Build.0 = Debug|Any CPU
		{C377ACA4-7468-4484-B609-F0A596B5A0D2}.Release|Any CPU.ActiveCfg = Release|Any CPU
		{C377ACA4-7468-4484-B609-F0A596B5A0D2}.Release|Any CPU.Build.0 = Release|Any CPU
		{3906CF7B-2D02-4AA7-A682-7E3316267B1B}.Debug|Any CPU.ActiveCfg = Debug|Any CPU
		{3906CF7B-2D02-4AA7-A682-7E3316267B1B}.Debug|Any CPU.Build.0 = Debug|Any CPU
		{3906CF7B-2D02-4AA7-A682-7E3316267B1B}.Release|Any CPU.ActiveCfg = Release|Any CPU
		{3906CF7B-2D02-4AA7-A682-7E3316267B1B}.Release|Any CPU.Build.0 = Release|Any CPU
		{92C64F97-616B-4106-B290-479A57FC59D7}.Debug|Any CPU.ActiveCfg = Debug|Any CPU
		{92C64F97-616B-4106-B290-479A57FC59D7}.Debug|Any CPU.Build.0 = Debug|Any CPU
		{92C64F97-616B-4106-B290-479A57FC59D7}.Release|Any CPU.ActiveCfg = Release|Any CPU
		{92C64F97-616B-4106-B290-479A57FC59D7}.Release|Any CPU.Build.0 = Release|Any CPU
	EndGlobalSection
	GlobalSection(SolutionProperties) = preSolution
		HideSolutionNode = FALSE
	EndGlobalSection
EndGlobal
